
Microsoft Visual Studio Solution File, Format Version 12.00
# Visual Studio Version 17
VisualStudioVersion = 17.0.31919.166
MinimumVisualStudioVersion = 10.0.40219.1
Project("{9A19103F-16F7-4668-BE54-9A1E7A4F7556}") = "Application", "Application\Application.csproj", "{A97148CB-74C3-40E8-B504-112773C2C049}"
EndProject
Project("{9A19103F-16F7-4668-BE54-9A1E7A4F7556}") = "WebAPI", "WebAPI\WebAPI.csproj", "{18DBA218-E9D6-49F8-B6CA-0419F1238112}"
EndProject
Global
	GlobalSection(SolutionConfigurationPlatforms) = preSolution
		Debug|Any CPU = Debug|Any CPU
		Release|Any CPU = Release|Any CPU
	EndGlobalSection
	GlobalSection(ProjectConfigurationPlatforms) = postSolution
		{A97148CB-74C3-40E8-B504-112773C2C049}.Debug|Any CPU.ActiveCfg = Debug|Any CPU
		{A97148CB-74C3-40E8-B504-112773C2C049}.Debug|Any CPU.Build.0 = Debug|Any CPU
		{A97148CB-74C3-40E8-B504-112773C2C049}.Release|Any CPU.ActiveCfg = Release|Any CPU
		{A97148CB-74C3-40E8-B504-112773C2C049}.Release|Any CPU.Build.0 = Release|Any CPU
		{18DBA218-E9D6-49F8-B6CA-0419F1238112}.Debug|Any CPU.ActiveCfg = Debug|Any CPU
		{18DBA218-E9D6-49F8-B6CA-0419F1238112}.Debug|Any CPU.Build.0 = Debug|Any CPU
		{18DBA218-E9D6-49F8-B6CA-0419F1238112}.Release|Any CPU.ActiveCfg = Release|Any CPU
		{18DBA218-E9D6-49F8-B6CA-0419F1238112}.Release|Any CPU.Build.0 = Release|Any CPU
	EndGlobalSection
	GlobalSection(SolutionProperties) = preSolution
		HideSolutionNode = FALSE
	EndGlobalSection
	GlobalSection(ExtensibilityGlobals) = postSolution
		SolutionGuid = {818C9FB6-07D5-43B5-8AE8-B009FDDF596C}
	EndGlobalSection
EndGlobal
